hash: 88c43063eb911eb225a8b6744ef72fdcae80eb22ba81d3868c72ef9d76485809
updated: 2017-06-06T13:53:12.710538935+08:00
imports:
- name: github.com/emirpasic/gods
  version: f6c17b524822278a87e3b3bd809fec33b51f5b46
  subpackages:
  - containers
  - trees
  - utils
- name: github.com/spaolacci/murmur3
  version: 0d12bf811670bf6a1a63828dfbd003eded177fce
- name: github.com/wupeaking/go-redis-server
  version: e4d48d56d17845ed199548a5366406de7231a4b8
- name: github.com/wupeaking/gods
  version: ec46b0116df083cba218abbf72522c6d0c065e4e
  subpackages:
  - trees/redblacktree
- name: gopkg.in/yaml.v2
  version: cd8b52f8269e0feb286dfeef29f8fe4d5b397e0b
testImports:
- name: github.com/wupeaking/logrus
  version: 61e43dc76f7ee59a82bdf3d71033dc12bea4c77d
- name: golang.org/x/sys
  version: b90f89a1e7a9c1f6b918820b3daa7f08488c8594
  subpackages:
  - unix
